
Microsoft Visual Studio Solution File, Format Version 12.00
# Visual Studio 15
VisualStudioVersion = 15.0.26124.0
MinimumVisualStudioVersion = 15.0.26124.0
Project("{FAE04EC0-301F-11D3-BF4B-00C04F79EFBC}") = "Domain", "Domain\Domain.csproj", "{B9B4D905-D11E-465F-B760-75C4073B5C3A}"
EndProject
Project("{FAE04EC0-301F-11D3-BF4B-00C04F79EFBC}") = "Application", "Application\Application.csproj", "{7EC7050B-86A8-4286-A327-667FDC0BC6D5}"
EndProject
Project("{FAE04EC0-301F-11D3-BF4B-00C04F79EFBC}") = "Persistence", "Persistence\Persistence.csproj", "{FA7FAF27-3432-4C57-A134-C019B8C6CE18}"
EndProject
Project("{FAE04EC0-301F-11D3-BF4B-00C04F79EFBC}") = "API", "API\API.csproj", "{BCF857AD-DFD2-42EA-B867-3E6CCC05076D}"
EndProject
Global
	GlobalSection(SolutionConfigurationPlatforms) = preSolution
		Debug|Any CPU = Debug|Any CPU
		Debug|x64 = Debug|x64
		Debug|x86 = Debug|x86
		Release|Any CPU = Release|Any CPU
		Release|x64 = Release|x64
		Release|x86 = Release|x86
	EndGlobalSection
	GlobalSection(SolutionProperties) = preSolution
		HideSolutionNode = FALSE
	EndGlobalSection
	GlobalSection(ProjectConfigurationPlatforms) = postSolution
		{B9B4D905-D11E-465F-B760-75C4073B5C3A}.Debug|Any CPU.ActiveCfg = Debug|Any CPU
		{B9B4D905-D11E-465F-B760-75C4073B5C3A}.Debug|Any CPU.Build.0 = Debug|Any CPU
		{B9B4D905-D11E-465F-B760-75C4073B5C3A}.Debug|x64.ActiveCfg = Debug|Any CPU
		{B9B4D905-D11E-465F-B760-75C4073B5C3A}.Debug|x64.Build.0 = Debug|Any CPU
		{B9B4D905-D11E-465F-B760-75C4073B5C3A}.Debug|x86.ActiveCfg = Debug|Any CPU
		{B9B4D905-D11E-465F-B760-75C4073B5C3A}.Debug|x86.Build.0 = Debug|Any CPU
		{B9B4D905-D11E-465F-B760-75C4073B5C3A}.Release|Any CPU.ActiveCfg = Release|Any CPU
		{B9B4D905-D11E-465F-B760-75C4073B5C3A}.Release|Any CPU.Build.0 = Release|Any CPU
		{B9B4D905-D11E-465F-B760-75C4073B5C3A}.Release|x64.ActiveCfg = Release|Any CPU
		{B9B4D905-D11E-465F-B760-75C4073B5C3A}.Release|x64.Build.0 = Release|Any CPU
		{B9B4D905-D11E-465F-B760-75C4073B5C3A}.Release|x86.ActiveCfg = Release|Any CPU
		{B9B4D905-D11E-465F-B760-75C4073B5C3A}.Release|x86.Build.0 = Release|Any CPU
		{7EC7050B-86A8-4286-A327-667FDC0BC6D5}.Debug|Any CPU.ActiveCfg = Debug|Any CPU
		{7EC7050B-86A8-4286-A327-667FDC0BC6D5}.Debug|Any CPU.Build.0 = Debug|Any CPU
		{7EC7050B-86A8-4286-A327-667FDC0BC6D5}.Debug|x64.ActiveCfg = Debug|Any CPU
		{7EC7050B-86A8-4286-A327-667FDC0BC6D5}.Debug|x64.Build.0 = Debug|Any CPU
		{7EC7050B-86A8-4286-A327-667FDC0BC6D5}.Debug|x86.ActiveCfg = Debug|Any CPU
		{7EC7050B-86A8-4286-A327-667FDC0BC6D5}.Debug|x86.Build.0 = Debug|Any CPU
		{7EC7050B-86A8-4286-A327-667FDC0BC6D5}.Release|Any CPU.ActiveCfg = Release|Any CPU
		{7EC7050B-86A8-4286-A327-667FDC0BC6D5}.Release|Any CPU.Build.0 = Release|Any CPU
		{7EC7050B-86A8-4286-A327-667FDC0BC6D5}.Release|x64.ActiveCfg = Release|Any CPU
		{7EC7050B-86A8-4286-A327-667FDC0BC6D5}.Release|x64.Build.0 = Release|Any CPU
		{7EC7050B-86A8-4286-A327-667FDC0BC6D5}.Release|x86.ActiveCfg = Release|Any CPU
		{7EC7050B-86A8-4286-A327-667FDC0BC6D5}.Release|x86.Build.0 = Release|Any CPU
		{FA7FAF27-3432-4C57-A134-C019B8C6CE18}.Debug|Any CPU.ActiveCfg = Debug|Any CPU
		{FA7FAF27-3432-4C57-A134-C019B8C6CE18}.Debug|Any CPU.Build.0 = Debug|Any CPU
		{FA7FAF27-3432-4C57-A134-C019B8C6CE18}.Debug|x64.ActiveCfg = Debug|Any CPU
		{FA7FAF27-3432-4C57-A134-C019B8C6CE18}.Debug|x64.Build.0 = Debug|Any CPU
		{FA7FAF27-3432-4C57-A134-C019B8C6CE18}.Debug|x86.ActiveCfg = Debug|Any CPU
		{FA7FAF27-3432-4C57-A134-C019B8C6CE18}.Debug|x86.Build.0 = Debug|Any CPU
		{FA7FAF27-3432-4C57-A134-C019B8C6CE18}.Release|Any CPU.ActiveCfg = Release|Any CPU
		{FA7FAF27-3432-4C57-A134-C019B8C6CE18}.Release|Any CPU.Build.0 = Release|Any CPU
		{FA7FAF27-3432-4C57-A134-C019B8C6CE18}.Release|x64.ActiveCfg = Release|Any CPU
		{FA7FAF27-3432-4C57-A134-C019B8C6CE18}.Release|x64.Build.0 = Release|Any CPU
		{FA7FAF27-3432-4C57-A134-C019B8C6CE18}.Release|x86.ActiveCfg = Release|Any CPU
		{FA7FAF27-3432-4C57-A134-C019B8C6CE18}.Release|x86.Build.0 = Release|Any CPU
		{BCF857AD-DFD2-42EA-B867-3E6CCC05076D}.Debug|Any CPU.ActiveCfg = Debug|Any CPU
		{BCF857AD-DFD2-42EA-B867-3E6CCC05076D}.Debug|Any CPU.Build.0 = Debug|Any CPU
		{BCF857AD-DFD2-42EA-B867-3E6CCC05076D}.Debug|x64.ActiveCfg = Debug|Any CPU
		{BCF857AD-DFD2-42EA-B867-3E6CCC05076D}.Debug|x64.Build.0 = Debug|Any CPU
		{BCF857AD-DFD2-42EA-B867-3E6CCC05076D}.Debug|x86.ActiveCfg = Debug|Any CPU
		{BCF857AD-DFD2-42EA-B867-3E6CCC05076D}.Debug|x86.Build.0 = Debug|Any CPU
		{BCF857AD-DFD2-42EA-B867-3E6CCC05076D}.Release|Any CPU.ActiveCfg = Release|Any CPU
		{BCF857AD-DFD2-42EA-B867-3E6CCC05076D}.Release|Any CPU.Build.0 = Release|Any CPU
		{BCF857AD-DFD2-42EA-B867-3E6CCC05076D}.Release|x64.ActiveCfg = Release|Any CPU
		{BCF857AD-DFD2-42EA-B867-3E6CCC05076D}.Release|x64.Build.0 = Release|Any CPU
		{BCF857AD-DFD2-42EA-B867-3E6CCC05076D}.Release|x86.ActiveCfg = Release|Any CPU
		{BCF857AD-DFD2-42EA-B867-3E6CCC05076D}.Release|x86.Build.0 = Release|Any CPU
	EndGlobalSection
EndGlobal
